// !$*UTF8*$!
{
	archiveVersion = 1;
	classes = {
	};
	objectVersion = 50;
	objects = {

/* Begin PBXBuildFile section */
		39E3FD4B24CABA33007460A2 /* AppDelegate.swift in Sources */ = {isa = PBXBuildFile; fileRef = 39E3FD4A24CABA33007460A2 /* AppDelegate.swift */; };
		39E3FD4D24CABA33007460A2 /* SceneDelegate.swift in Sources */ = {isa = PBXBuildFile; fileRef = 39E3FD4C24CABA33007460A2 /* SceneDelegate.swift */; };
		39E3FD4F24CABA33007460A2 /* ContentView.swift in Sources */ = {isa = PBXBuildFile; fileRef = 39E3FD4E24CABA33007460A2 /* ContentView.swift */; };
		39E3FD5124CABA34007460A2 /* Assets.xcassets in Resources */ = {isa = PBXBuildFile; fileRef = 39E3FD5024CABA34007460A2 /* Assets.xcassets */; };
		39E3FD5424CABA34007460A2 /* Preview Assets.xcassets in Resources */ = {isa = PBXBuildFile; fileRef = 39E3FD5324CABA34007460A2 /* Preview Assets.xcassets */; };
		39E3FD5724CABA34007460A2 /* LaunchScreen.storyboard in Resources */ = {isa = PBXBuildFile; fileRef = 39E3FD5524CABA34007460A2 /* LaunchScreen.storyboard */; };
		39E3FD6224CABA34007460A2 /* WireSharkTests.swift in Sources */ = {isa = PBXBuildFile; fileRef = 39E3FD6124CABA34007460A2 /* WireSharkTests.swift */; };
		39E3FD6D24CABA34007460A2 /* WireSharkUITests.swift in Sources */ = {isa = PBXBuildFile; fileRef = 39E3FD6C24CABA34007460A2 /* WireSharkUITests.swift */; };
/* End PBXBuildFile section */

/* Begin PBXContainerItemProxy section */
		39E3FD5E24CABA34007460A2 /* PBXContainerItemProxy */ = {
			isa = PBXContainerItemProxy;
			containerPortal = 39E3FD3F24CABA33007460A2 /* Project object */;
			proxyType = 1;
			remoteGlobalIDString = 39E3FD4624CABA33007460A2;
			remoteInfo = WireShark;
		};
		39E3FD6924CABA34007460A2 /* PBXContainerItemProxy */ = {
			isa = PBXContainerItemProxy;
			containerPortal = 39E3FD3F24CABA33007460A2 /* Project object */;
			proxyType = 1;
			remoteGlobalIDString = 39E3FD4624CABA33007460A2;
			remoteInfo = WireShark;
		};
/* End PBXContainerItemProxy section */

/* Begin PBXFileReference section */
		39E3FD4724CABA33007460A2 /* WireShark.app */ = {isa = PBXFileReference; explicitFileType = wrapper.application; includeInIndex = 0; path = WireShark.app; sourceTree = BUILT_PRODUCTS_DIR; };
		39E3FD4A24CABA33007460A2 /* AppDelegate.swift */ = {isa = PBXFileReference; lastKnownFileType = sourcecode.swift; path = AppDelegate.swift; sourceTree = "<group>"; };
		39E3FD4C24CABA33007460A2 /* SceneDelegate.swift */ = {isa = PBXFileReference; lastKnownFileType = sourcecode.swift; path = SceneDelegate.swift; sourceTree = "<group>"; };
		39E3FD4E24CABA33007460A2 /* ContentView.swift */ = {isa = PBXFileReference; lastKnownFileType = sourcecode.swift; path = ContentView.swift; sourceTree = "<group>"; };
		39E3FD5024CABA34007460A2 /* Assets.xcassets */ = {isa = PBXFileReference; lastKnownFileType = folder.assetcatalog; path = Assets.xcassets; sourceTree = "<group>"; };
		39E3FD5324CABA34007460A2 /* Preview Assets.xcassets */ = {isa = PBXFileReference; lastKnownFileType = folder.assetcatalog; path = "Preview Assets.xcassets"; sourceTree = "<group>"; };
		39E3FD5624CABA34007460A2 /* Base */ = {isa = PBXFileReference; lastKnownFileType = file.storyboard; name = Base; path = Base.lproj/LaunchScreen.storyboard; sourceTree = "<group>"; };
		39E3FD5824CABA34007460A2 /* Info.plist */ = {isa = PBXFileReference; lastKnownFileType = text.plist.xml; path = Info.plist; sourceTree = "<group>"; };
		39E3FD5D24CABA34007460A2 /* WireSharkTests.xctest */ = {isa = PBXFileReference; explicitFileType = wrapper.cfbundle; includeInIndex = 0; path = WireSharkTests.xctest; sourceTree = BUILT_PRODUCTS_DIR; };
		39E3FD6124CABA34007460A2 /* WireSharkTests.swift */ = {isa = PBXFileReference; lastKnownFileType = sourcecode.swift; path = WireSharkTests.swift; sourceTree = "<group>"; };
		39E3FD6324CABA34007460A2 /* Info.plist */ = {isa = PBXFileReference; lastKnownFileType = text.plist.xml; path = Info.plist; sourceTree = "<group>"; };
		39E3FD6824CABA34007460A2 /* WireSharkUITests.xctest */ = {isa = PBXFileReference; explicitFileType = wrapper.cfbundle; includeInIndex = 0; path = WireSharkUITests.xctest; sourceTree = BUILT_PRODUCTS_DIR; };
		39E3FD6C24CABA34007460A2 /* WireSharkUITests.swift */ = {isa = PBXFileReference; lastKnownFileType = sourcecode.swift; path = WireSharkUITests.swift; sourceTree = "<group>"; };
		39E3FD6E24CABA34007460A2 /* Info.plist */ = {isa = PBXFileReference; lastKnownFileType = text.plist.xml; path = Info.plist; sourceTree = "<group>"; };
/* End PBXFileReference section */

/* Begin PBXFrameworksBuildPhase section */
		39E3FD4424CABA33007460A2 /* Frameworks */ = {
			isa = PBXFrameworksBuildPhase;
			buildActionMask = 2147483647;
			files = (
			);
			runOnlyForDeploymentPostprocessing = 0;
		};
		39E3FD5A24CABA34007460A2 /* Frameworks */ = {
			isa = PBXFrameworksBuildPhase;
			buildActionMask = 2147483647;
			files = (
			);
			runOnlyForDeploymentPostprocessing = 0;
		};
		39E3FD6524CABA34007460A2 /* Frameworks */ = {
			isa = PBXFrameworksBuildPhase;
			buildActionMask = 2147483647;
			files = (
			);
			runOnlyForDeploymentPostprocessing = 0;
		};
/* End PBXFrameworksBuildPhase section */

/* Begin PBXGroup section */
		39E3FD3E24CABA33007460A2 = {
			isa = PBXGroup;
			children = (
				39E3FD4924CABA33007460A2 /* WireShark */,
				39E3FD6024CABA34007460A2 /* WireSharkTests */,
				39E3FD6B24CABA34007460A2 /* WireSharkUITests */,
				39E3FD4824CABA33007460A2 /* Products */,
			);
			sourceTree = "<group>";
		};
		39E3FD4824CABA33007460A2 /* Products */ = {
			isa = PBXGroup;
			children = (
				39E3FD4724CABA33007460A2 /* WireShark.app */,
				39E3FD5D24CABA34007460A2 /* WireSharkTests.xctest */,
				39E3FD6824CABA34007460A2 /* WireSharkUITests.xctest */,
			);
			name = Products;
			sourceTree = "<group>";
		};
		39E3FD4924CABA33007460A2 /* WireShark */ = {
			isa = PBXGroup;
			children = (
				39E3FD4A24CABA33007460A2 /* AppDelegate.swift */,
				39E3FD4C24CABA33007460A2 /* SceneDelegate.swift */,
				39E3FD4E24CABA33007460A2 /* ContentView.swift */,
				39E3FD5024CABA34007460A2 /* Assets.xcassets */,
				39E3FD5524CABA34007460A2 /* LaunchScreen.storyboard */,
				39E3FD5824CABA34007460A2 /* Info.plist */,
				39E3FD5224CABA34007460A2 /* Preview Content */,
			);
			path = WireShark;
			sourceTree = "<group>";
		};
		39E3FD5224CABA34007460A2 /* Preview Content */ = {
			isa = PBXGroup;
			children = (
				39E3FD5324CABA34007460A2 /* Preview Assets.xcassets */,
			);
			path = "Preview Content";
			sourceTree = "<group>";
		};
		39E3FD6024CABA34007460A2 /* WireSharkTests */ = {
			isa = PBXGroup;
			children = (
				39E3FD6124CABA34007460A2 /* WireSharkTests.swift */,
				39E3FD6324CABA34007460A2 /* Info.plist */,
			);
			path = WireSharkTests;
			sourceTree = "<group>";
		};
		39E3FD6B24CABA34007460A2 /* WireSharkUITests */ = {
			isa = PBXGroup;
			children = (
				39E3FD6C24CABA34007460A2 /* WireSharkUITests.swift */,
				39E3FD6E24CABA34007460A2 /* Info.plist */,
			);
			path = WireSharkUITests;
			sourceTree = "<group>";
		};
/* End PBXGroup section */

/* Begin PBXNativeTarget section */
		39E3FD4624CABA33007460A2 /* WireShark */ = {
			isa = PBXNativeTarget;
			buildConfigurationList = 39E3FD7124CABA34007460A2 /* Build configuration list for PBXNativeTarget "WireShark" */;
			buildPhases = (
				39E3FD4324CABA33007460A2 /* Sources */,
				39E3FD4424CABA33007460A2 /* Frameworks */,
				39E3FD4524CABA33007460A2 /* Resources */,
			);
			buildRules = (
			);
			dependencies = (
			);
			name = WireShark;
			productName = WireShark;
			productReference = 39E3FD4724CABA33007460A2 /* WireShark.app */;
			productType = "com.apple.product-type.application";
		};
		39E3FD5C24CABA34007460A2 /* WireSharkTests */ = {
			isa = PBXNativeTarget;
			buildConfigurationList = 39E3FD7424CABA34007460A2 /* Build configuration list for PBXNativeTarget "WireSharkTests" */;
			buildPhases = (
				39E3FD5924CABA34007460A2 /* Sources */,
				39E3FD5A24CABA34007460A2 /* Frameworks */,
				39E3FD5B24CABA34007460A2 /* Resources */,
			);
			buildRules = (
			);
			dependencies = (
				39E3FD5F24CABA34007460A2 /* PBXTargetDependency */,
			);
			name = WireSharkTests;
			productName = WireSharkTests;
			productReference = 39E3FD5D24CABA34007460A2 /* WireSharkTests.xctest */;
			productType = "com.apple.product-type.bundle.unit-test";
		};
		39E3FD6724CABA34007460A2 /* WireSharkUITests */ = {
			isa = PBXNativeTarget;
			buildConfigurationList = 39E3FD7724CABA34007460A2 /* Build configuration list for PBXNativeTarget "WireSharkUITests" */;
			buildPhases = (
				39E3FD6424CABA34007460A2 /* Sources */,
				39E3FD6524CABA34007460A2 /* Frameworks */,
				39E3FD6624CABA34007460A2 /* Resources */,
			);
			buildRules = (
			);
			dependencies = (
				39E3FD6A24CABA34007460A2 /* PBXTargetDependency */,
			);
			name = WireSharkUITests;
			productName = WireSharkUITests;
			productReference = 39E3FD6824CABA34007460A2 /* WireSharkUITests.xctest */;
			productType = "com.apple.product-type.bundle.ui-testing";
		};
/* End PBXNativeTarget section */

/* Begin PBXProject section */
		39E3FD3F24CABA33007460A2 /* Project object */ = {
			isa = PBXProject;
			attributes = {
				LastSwiftUpdateCheck = 1150;
				LastUpgradeCheck = 1150;
				ORGANIZATIONNAME = huyang;
				TargetAttributes = {
					39E3FD4624CABA33007460A2 = {
						CreatedOnToolsVersion = 11.5;
					};
					39E3FD5C24CABA34007460A2 = {
						CreatedOnToolsVersion = 11.5;
						TestTargetID = 39E3FD4624CABA33007460A2;
					};
					39E3FD6724CABA34007460A2 = {
						CreatedOnToolsVersion = 11.5;
						TestTargetID = 39E3FD4624CABA33007460A2;
					};
				};
			};
			buildConfigurationList = 39E3FD4224CABA33007460A2 /* Build configuration list for PBXProject "WireShark" */;
			compatibilityVersion = "Xcode 9.3";
			developmentRegion = en;
			hasScannedForEncodings = 0;
			knownRegions = (
				en,
				Base,
			);
			mainGroup = 39E3FD3E24CABA33007460A2;
			productRefGroup = 39E3FD4824CABA33007460A2 /* Products */;
			projectDirPath = "";
			projectRoot = "";
			targets = (
				39E3FD4624CABA33007460A2 /* WireShark */,
				39E3FD5C24CABA34007460A2 /* WireSharkTests */,
				39E3FD6724CABA34007460A2 /* WireSharkUITests */,
			);
		};
/* End PBXProject section */

/* Begin PBXResourcesBuildPhase section */
		39E3FD4524CABA33007460A2 /* Resources */ = {
			isa = PBXResourcesBuildPhase;
			buildActionMask = 2147483647;
			files = (
				39E3FD5724CABA34007460A2 /* LaunchScreen.storyboard in Resources */,
				39E3FD5424CABA34007460A2 /* Preview Assets.xcassets in Resources */,
				39E3FD5124CABA34007460A2 /* Assets.xcassets in Resources */,
			);
			runOnlyForDeploymentPostprocessing = 0;
		};
		39E3FD5B24CABA34007460A2 /* Resources */ = {
			isa = PBXResourcesBuildPhase;
			buildActionMask = 2147483647;
			files = (
			);
			runOnlyForDeploymentPostprocessing = 0;
		};
		39E3FD6624CABA34007460A2 /* Resources */ = {
			isa = PBXResourcesBuildPhase;
			buildActionMask = 2147483647;
			files = (
			);
			runOnlyForDeploymentPostprocessing = 0;
		};
/* End PBXResourcesBuildPhase section */

/* Begin PBXSourcesBuildPhase section */
		39E3FD4324CABA33007460A2 /* Sources */ = {
			isa = PBXSourcesBuildPhase;
			buildActionMask = 2147483647;
			files = (
				39E3FD4B24CABA33007460A2 /* AppDelegate.swift in Sources */,
				39E3FD4D24CABA33007460A2 /* SceneDelegate.swift in Sources */,
				39E3FD4F24CABA33007460A2 /* ContentView.swift in Sources */,
			);
			runOnlyForDeploymentPostprocessing = 0;
		};
		39E3FD5924CABA34007460A2 /* Sources */ = {
			isa = PBXSourcesBuildPhase;
			buildActionMask = 2147483647;
			files = (
				39E3FD6224CABA34007460A2 /* WireSharkTests.swift in Sources */,
			);
			runOnlyForDeploymentPostprocessing = 0;
		};
		39E3FD6424CABA34007460A2 /* Sources */ = {
			isa = PBXSourcesBuildPhase;
			buildActionMask = 2147483647;
			files = (
				39E3FD6D24CABA34007460A2 /* WireSharkUITests.swift in Sources */,
			);
			runOnlyForDeploymentPostprocessing = 0;
		};
/* End PBXSourcesBuildPhase section */

/* Begin PBXTargetDependency section */
		39E3FD5F24CABA34007460A2 /* PBXTargetDependency */ = {
			isa = PBXTargetDependency;
			target = 39E3FD4624CABA33007460A2 /* WireShark */;
			targetProxy = 39E3FD5E24CABA34007460A2 /* PBXContainerItemProxy */;
		};
		39E3FD6A24CABA34007460A2 /* PBXTargetDependency */ = {
			isa = PBXTargetDependency;
			target = 39E3FD4624CABA33007460A2 /* WireShark */;
			targetProxy = 39E3FD6924CABA34007460A2 /* PBXContainerItemProxy */;
		};
/* End PBXTargetDependency section */

/* Begin PBXVariantGroup section */
		39E3FD5524CABA34007460A2 /* LaunchScreen.storyboard */ = {
			isa = PBXVariantGroup;
			children = (
				39E3FD5624CABA34007460A2 /* Base */,
			);
			name = LaunchScreen.storyboard;
			sourceTree = "<group>";
		};
/* End PBXVariantGroup section */

/* Begin XCBuildConfiguration section */
		39E3FD6F24CABA34007460A2 /* Debug */ = {
			isa = XCBuildConfiguration;
			buildSettings = {
				ALWAYS_SEARCH_USER_PATHS = NO;
				CLANG_ANALYZER_NONNULL = YES;
				CLANG_ANALYZER_NUMBER_OBJECT_CONVERSION = YES_AGGRESSIVE;
				CLANG_CXX_LANGUAGE_STANDARD = "gnu++14";
				CLANG_CXX_LIBRARY = "libc++";
				CLANG_ENABLE_MODULES = YES;
				CLANG_ENABLE_OBJC_ARC = YES;
				CLANG_ENABLE_OBJC_WEAK = YES;
				CLANG_WARN_BLOCK_CAPTURE_AUTORELEASING = YES;
				CLANG_WARN_BOOL_CONVERSION = YES;
				CLANG_WARN_COMMA = YES;
				CLANG_WARN_CONSTANT_CONVERSION = YES;
				CLANG_WARN_DEPRECATED_OBJC_IMPLEMENTATIONS = YES;
				CLANG_WARN_DIRECT_OBJC_ISA_USAGE = YES_ERROR;
				CLANG_WARN_DOCUMENTATION_COMMENTS = YES;
				CLANG_WARN_EMPTY_BODY = YES;
				CLANG_WARN_ENUM_CONVERSION = YES;
				CLANG_WARN_INFINITE_RECURSION = YES;
				CLANG_WARN_INT_CONVERSION = YES;
				CLANG_WARN_NON_LITERAL_NULL_CONVERSION = YES;
				CLANG_WARN_OBJC_IMPLICIT_RETAIN_SELF = YES;
				CLANG_WARN_OBJC_LITERAL_CONVERSION = YES;
				CLANG_WARN_OBJC_ROOT_CLASS = YES_ERROR;
				CLANG_WARN_RANGE_LOOP_ANALYSIS = YES;
				CLANG_WARN_STRICT_PROTOTYPES = YES;
				CLANG_WARN_SUSPICIOUS_MOVE = YES;
				CLANG_WARN_UNGUARDED_AVAILABILITY = YES_AGGRESSIVE;
				CLANG_WARN_UNREACHABLE_CODE = YES;
				CLANG_WARN__DUPLICATE_METHOD_MATCH = YES;
				COPY_PHASE_STRIP = NO;
				DEBUG_INFORMATION_FORMAT = dwarf;
				ENABLE_STRICT_OBJC_MSGSEND = YES;
				ENABLE_TESTABILITY = YES;
				GCC_C_LANGUAGE_STANDARD = gnu11;
				GCC_DYNAMIC_NO_PIC = NO;
				GCC_NO_COMMON_BLOCKS = YES;
				GCC_OPTIMIZATION_LEVEL = 0;
				GCC_PREPROCESSOR_DEFINITIONS = (
					"DEBUG=1",
					"$(inherited)",
				);
				GCC_WARN_64_TO_32_BIT_CONVERSION = YES;
				GCC_WARN_ABOUT_RETURN_TYPE = YES_ERROR;
				GCC_WARN_UNDECLARED_SELECTOR = YES;
				GCC_WARN_UNINITIALIZED_AUTOS = YES_AGGRESSIVE;
				GCC_WARN_UNUSED_FUNCTION = YES;
				GCC_WARN_UNUSED_VARIABLE = YES;
				IPHONEOS_DEPLOYMENT_TARGET = 13.5;
				MTL_ENABLE_DEBUG_INFO = INCLUDE_SOURCE;
				MTL_FAST_MATH = YES;
				ONLY_ACTIVE_ARCH = YES;
				SDKROOT = iphoneos;
				SWIFT_ACTIVE_COMPILATION_CONDITIONS = DEBUG;
				SWIFT_OPTIMIZATION_LEVEL = "-Onone";
			};
			name = Debug;
		};
		39E3FD7024CABA34007460A2 /* Release */ = {
			isa = XCBuildConfiguration;
			buildSettings = {
				ALWAYS_SEARCH_USER_PATHS = NO;
				CLANG_ANALYZER_NONNULL = YES;
				CLANG_ANALYZER_NUMBER_OBJECT_CONVERSION = YES_AGGRESSIVE;
				CLANG_CXX_LANGUAGE_STANDARD = "gnu++14";
				CLANG_CXX_LIBRARY = "libc++";
				CLANG_ENABLE_MODULES = YES;
				CLANG_ENABLE_OBJC_ARC = YES;
				CLANG_ENABLE_OBJC_WEAK = YES;
				CLANG_WARN_BLOCK_CAPTURE_AUTORELEASING = YES;
				CLANG_WARN_BOOL_CONVERSION = YES;
				CLANG_WARN_COMMA = YES;
				CLANG_WARN_CONSTANT_CONVERSION = YES;
				CLANG_WARN_DEPRECATED_OBJC_IMPLEMENTATIONS = YES;
				CLANG_WARN_DIRECT_OBJC_ISA_USAGE = YES_ERROR;
				CLANG_WARN_DOCUMENTATION_COMMENTS = YES;
				CLANG_WARN_EMPTY_BODY = YES;
				CLANG_WARN_ENUM_CONVERSION = YES;
				CLANG_WARN_INFINITE_RECURSION = YES;
				CLANG_WARN_INT_CONVERSION = YES;
				CLANG_WARN_NON_LITERAL_NULL_CONVERSION = YES;
				CLANG_WARN_OBJC_IMPLICIT_RETAIN_SELF = YES;
				CLANG_WARN_OBJC_LITERAL_CONVERSION = YES;
				CLANG_WARN_OBJC_ROOT_CLASS = YES_ERROR;
				CLANG_WARN_RANGE_LOOP_ANALYSIS = YES;
				CLANG_WARN_STRICT_PROTOTYPES = YES;
				CLANG_WARN_SUSPICIOUS_MOVE = YES;
				CLANG_WARN_UNGUARDED_AVAILABILITY = YES_AGGRESSIVE;
				CLANG_WARN_UNREACHABLE_CODE = YES;
				CLANG_WARN__DUPLICATE_METHOD_MATCH = YES;
				COPY_PHASE_STRIP = NO;
				DEBUG_INFORMATION_FORMAT = "dwarf-with-dsym";
				ENABLE_NS_ASSERTIONS = NO;
				ENABLE_STRICT_OBJC_MSGSEND = YES;
				GCC_C_LANGUAGE_STANDARD = gnu11;
				GCC_NO_COMMON_BLOCKS = YES;
				GCC_WARN_64_TO_32_BIT_CONVERSION = YES;
				GCC_WARN_ABOUT_RETURN_TYPE = YES_ERROR;
				GCC_WARN_UNDECLARED_SELECTOR = YES;
				GCC_WARN_UNINITIALIZED_AUTOS = YES_AGGRESSIVE;
				GCC_WARN_UNUSED_FUNCTION = YES;
				GCC_WARN_UNUSED_VARIABLE = YES;
				IPHONEOS_DEPLOYMENT_TARGET = 13.5;
				MTL_ENABLE_DEBUG_INFO = NO;
				MTL_FAST_MATH = YES;
				SDKROOT = iphoneos;
				SWIFT_COMPILATION_MODE = wholemodule;
				SWIFT_OPTIMIZATION_LEVEL = "-O";
				VALIDATE_PRODUCT = YES;
			};
			name = Release;
		};
		39E3FD7224CABA34007460A2 /* Debug */ = {
			isa = XCBuildConfiguration;
			buildSettings = {
				ASSETCATALOG_COMPILER_APPICON_NAME = AppIcon;
				CODE_SIGN_STYLE = Automatic;
				DEVELOPMENT_ASSET_PATHS = "\"WireShark/Preview Content\"";
				ENABLE_PREVIEWS = YES;
				INFOPLIST_FILE = WireShark/Info.plist;
				LD_RUNPATH_SEARCH_PATHS = (
					"$(inherited)",
					"@executable_path/Frameworks",
				);
				PRODUCT_BUNDLE_IDENTIFIER = zsq.WireShark;
				PRODUCT_NAME = "$(TARGET_NAME)";
				SWIFT_VERSION = 5.0;
				TARGETED_DEVICE_FAMILY = "1,2";
			};
			name = Debug;
		};
		39E3FD7324CABA34007460A2 /* Release */ = {
			isa = XCBuildConfiguration;
			buildSettings = {
				ASSETCATALOG_COMPILER_APPICON_NAME = AppIcon;
				CODE_SIGN_STYLE = Automatic;
				DEVELOPMENT_ASSET_PATHS = "\"WireShark/Preview Content\"";
				ENABLE_PREVIEWS = YES;
				INFOPLIST_FILE = WireShark/Info.plist;
				LD_RUNPATH_SEARCH_PATHS = (
					"$(inherited)",
					"@executable_path/Frameworks",
				);
				PRODUCT_BUNDLE_IDENTIFIER = zsq.WireShark;
				PRODUCT_NAME = "$(TARGET_NAME)";
				SWIFT_VERSION = 5.0;
				TARGETED_DEVICE_FAMILY = "1,2";
			};
			name = Release;
		};
		39E3FD7524CABA34007460A2 /* Debug */ = {
			isa = XCBuildConfiguration;
			buildSettings = {
				ALWAYS_EMBED_SWIFT_STANDARD_LIBRARIES = YES;
				BUNDLE_LOADER = "$(TEST_HOST)";
				CODE_SIGN_STYLE = Automatic;
				INFOPLIST_FILE = WireSharkTests/Info.plist;
				IPHONEOS_DEPLOYMENT_TARGET = 13.5;
				LD_RUNPATH_SEARCH_PATHS = (
					"$(inherited)",
					"@executable_path/Frameworks",
					"@loader_path/Frameworks",
				);
				PRODUCT_BUNDLE_IDENTIFIER = zsq.WireSharkTests;
				PRODUCT_NAME = "$(TARGET_NAME)";
				SWIFT_VERSION = 5.0;
				TARGETED_DEVICE_FAMILY = "1,2";
				TEST_HOST = "$(BUILT_PRODUCTS_DIR)/WireShark.app/WireShark";
			};
			name = Debug;
		};
		39E3FD7624CABA34007460A2 /* Release */ = {
			isa = XCBuildConfiguration;
			buildSettings = {
				ALWAYS_EMBED_SWIFT_STANDARD_LIBRARIES = YES;
				BUNDLE_LOADER = "$(TEST_HOST)";
				CODE_SIGN_STYLE = Automatic;
				INFOPLIST_FILE = WireSharkTests/Info.plist;
				IPHONEOS_DEPLOYMENT_TARGET = 13.5;
				LD_RUNPATH_SEARCH_PATHS = (
					"$(inherited)",
					"@executable_path/Frameworks",
					"@loader_path/Frameworks",
				);
				PRODUCT_BUNDLE_IDENTIFIER = zsq.WireSharkTests;
				PRODUCT_NAME = "$(TARGET_NAME)";
				SWIFT_VERSION = 5.0;
				TARGETED_DEVICE_FAMILY = "1,2";
				TEST_HOST = "$(BUILT_PRODUCTS_DIR)/WireShark.app/WireShark";
			};
			name = Release;
		};
		39E3FD7824CABA34007460A2 /* Debug */ = {
			isa = XCBuildConfiguration;
			buildSettings = {
				ALWAYS_EMBED_SWIFT_STANDARD_LIBRARIES = YES;
				CODE_SIGN_STYLE = Automatic;
				INFOPLIST_FILE = WireSharkUITests/Info.plist;
				LD_RUNPATH_SEARCH_PATHS = (
					"$(inherited)",
					"@executable_path/Frameworks",
					"@loader_path/Frameworks",
				);
				PRODUCT_BUNDLE_IDENTIFIER = zsq.WireSharkUITests;
				PRODUCT_NAME = "$(TARGET_NAME)";
				SWIFT_VERSION = 5.0;
				TARGETED_DEVICE_FAMILY = "1,2";
				TEST_TARGET_NAME = WireShark;
			};
			name = Debug;
		};
		39E3FD7924CABA34007460A2 /* Release */ = {
			isa = XCBuildConfiguration;
			buildSettings = {
				ALWAYS_EMBED_SWIFT_STANDARD_LIBRARIES = YES;
				CODE_SIGN_STYLE = Automatic;
				INFOPLIST_FILE = WireSharkUITests/Info.plist;
				LD_RUNPATH_SEARCH_PATHS = (
					"$(inherited)",
					"@executable_path/Frameworks",
					"@loader_path/Frameworks",
				);
				PRODUCT_BUNDLE_IDENTIFIER = zsq.WireSharkUITests;
				PRODUCT_NAME = "$(TARGET_NAME)";
				SWIFT_VERSION = 5.0;
				TARGETED_DEVICE_FAMILY = "1,2";
				TEST_TARGET_NAME = WireShark;
			};
			name = Release;
		};
/* End XCBuildConfiguration section */

/* Begin XCConfigurationList section */
		39E3FD4224CABA33007460A2 /* Build configuration list for PBXProject "WireShark" */ = {
			isa = XCConfigurationList;
			buildConfigurations = (
				39E3FD6F24CABA34007460A2 /* Debug */,
				39E3FD7024CABA34007460A2 /* Release */,
			);
			defaultConfigurationIsVisible = 0;
			defaultConfigurationName = Release;
		};
		39E3FD7124CABA34007460A2 /* Build configuration list for PBXNativeTarget "WireShark" */ = {
			isa = XCConfigurationList;
			buildConfigurations = (
				39E3FD7224CABA34007460A2 /* Debug */,
				39E3FD7324CABA34007460A2 /* Release */,
			);
			defaultConfigurationIsVisible = 0;
			defaultConfigurationName = Release;
		};
		39E3FD7424CABA34007460A2 /* Build configuration list for PBXNativeTarget "WireSharkTests" */ = {
			isa = XCConfigurationList;
			buildConfigurations = (
				39E3FD7524CABA34007460A2 /* Debug */,
				39E3FD7624CABA34007460A2 /* Release */,
			);
			defaultConfigurationIsVisible = 0;
			defaultConfigurationName = Release;
		};
		39E3FD7724CABA34007460A2 /* Build configuration list for PBXNativeTarget "WireSharkUITests" */ = {
			isa = XCConfigurationList;
			buildConfigurations = (
				39E3FD7824CABA34007460A2 /* Debug */,
				39E3FD7924CABA34007460A2 /* Release */,
			);
			defaultConfigurationIsVisible = 0;
			defaultConfigurationName = Release;
		};
/* End XCConfigurationList section */
	};
	rootObject = 39E3FD3F24CABA33007460A2 /* Project object */;
}
